{
  "name": "openhab-widgets-tools",
  "lockfileVersion": 3,
  "requires": true,
  "packages": {
    "": {
      "name": "openhab-widgets-tools",
      "dependencies": {
        "@jsep-plugin/arrow": "^1.0.0",
        "@jsep-plugin/object": "^1.0.0",
        "@jsep-plugin/regex": "^1.0.0",
        "@jsep-plugin/template": "^1.0.0",
        "@jsep-plugin/ternary": "^1.0.0",
        "dayjs": "^1.11.0",
        "jsep": "^1.4.0",
        "yaml": "^2.5.0"
      }
    },
    "node_modules/@jsep-plugin/arrow": {
      "version": "1.0.6",
      "resolved": "https://registry.npmjs.org/@jsep-plugin/arrow/-/arrow-1.0.6.tgz",
      "integrity": "sha512-1j4+vgU7Nfp9+YNU4YyuCsYvuEunlhipI5+5eYqM6w6W3+U/lCa7HONUvE83P2uTHEX9ajfdFWNUPFR2A4AG2w==",
      "license": "MIT",
      "engines": {
        "node": ">= 10.16.0"
      },
      "peerDependencies": {
        "jsep": "^0.4.0||^1.0.0"
      }
    },
    "node_modules/@jsep-plugin/object": {
      "version": "1.2.2",
      "resolved": "https://registry.npmjs.org/@jsep-plugin/object/-/object-1.2.2.tgz",
      "integrity": "sha512-GZsC7gI5oBR+mfDFJqULf5a76FRVKednNCdSco96HM1NUbZSdDT7t/fkClUf6In64L5JORCIyhOhE6wJA6AZYg==",
      "license": "MIT",
      "engines": {
        "node": ">= 10.16.0"
      },
      "peerDependencies": {
        "jsep": "^0.4.0||^1.0.0"
      }
    },
    "node_modules/@jsep-plugin/regex": {
      "version": "1.0.4",
      "resolved": "https://registry.npmjs.org/@jsep-plugin/regex/-/regex-1.0.4.tgz",
      "integrity": "sha512-q7qL4Mgjs1vByCaTnDFcBnV9HS7GVPJX5vyVoCgZHNSC9rjwIlmbXG5sUuorR5ndfHAIlJ8pVStxvjXHbNvtUg==",
      "license": "MIT",
      "engines": {
        "node": ">= 10.16.0"
      },
      "peerDependencies": {
        "jsep": "^0.4.0||^1.0.0"
      }
    },
    "node_modules/@jsep-plugin/template": {
      "version": "1.0.5",
      "resolved": "https://registry.npmjs.org/@jsep-plugin/template/-/template-1.0.5.tgz",
      "integrity": "sha512-xw6/dcc8Kr/nxmEIi74HxzMCkUd5mIWEaDG55pPiTSmGJzyeAfCedbKFGeH1GKNMytxi9fhc2d1/fVtJ5QHljQ==",
      "license": "MIT",
      "engines": {
        "node": ">= 10.16.0"
      },
      "peerDependencies": {
        "jsep": "^0.4.0||^1.0.0"
      }
    },
    "node_modules/@jsep-plugin/ternary": {
      "version": "1.1.4",
      "resolved": "https://registry.npmjs.org/@jsep-plugin/ternary/-/ternary-1.1.4.tgz",
      "integrity": "sha512-ck5wiqIbqdMX6WRQztBL7ASDty9YLgJ3sSAK5ZpBzXeySvFGCzIvM6UiAI4hTZ22fEcYQVV/zhUbNscggW+Ukg==",
      "license": "MIT",
      "engines": {
        "node": ">= 10.16.0"
      },
      "peerDependencies": {
        "jsep": "^0.4.0||^1.0.0"
      }
    },
    "node_modules/dayjs": {
      "version": "1.11.23",
      "resolved": "https://registry.npmjs.org/dayjs/-/dayjs-1.11.23.tgz",
      "integrity": "sha512-QDTCU0M0MxR3hQfnlDJfwekQiaanm1ubOD231u73WBckQ/fsamwRLiE2GBz6D3a/xF1NgfiDLJjXBa1hYOYTtQ==",
      "license": "MIT"
    },
    "node_modules/jsep": {
      "version": "1.4.0",
      "resolved": "https://registry.npmjs.org/jsep/-/jsep-1.4.0.tgz",
      "integrity": "sha512-B7qPcEVE3NVkmSJbaYxvv4cHkVW7DQsZz13pUMrfS8z8Q/BuShN+gcTXrUlPiGqM2/t/EEaI030bpxMqY8gMlw==",
      "license": "MIT",
      "engines": {
        "node": ">= 10.16.0"
      }
    },
    "node_modules/yaml": {
      "version": "2.9.1",
      "resolved": "https://registry.npmjs.org/yaml/-/yaml-2.9.1.tgz",
      "integrity": "sha512-3NxN8+78OdzbT7C/WjGsyfPAtJaN3FNDsWxv7Y7mcDsT/oOmgW8BpyQQFFBnvZE3j9Y2Sdz1ULFLezL7Eb2yFw==",
      "license": "ISC",
      "bin": {
        "yaml": "bin.mjs"
      },
      "engines": {
        "node": ">= 14.6"
      },
      "funding": {
        "url": "https://github.com/sponsors/eemeli"
      }
    }
  }
}
